
Microsoft Visual Studio Solution File, Format Version 12.00
# Visual Studio 15
VisualStudioVersion = 15.0.27004.2002
MinimumVisualStudioVersion = 10.0.40219.1
Project("{FAE04EC0-301F-11D3-BF4B-00C04F79EFBC}") = "01.URLDecode", "01.URLDecode\01.URLDecode.csproj", "{2B42DA70-3318-4BE9-B38E-E881B963FDDE}"
EndProject
Project("{FAE04EC0-301F-11D3-BF4B-00C04F79EFBC}") = "02.ValidateURL", "02.ValidateURL\02.ValidateURL.csproj", "{823F9C75-564E-43EF-8380-A836ED54018A}"
EndProject
Project("{FAE04EC0-301F-11D3-BF4B-00C04F79EFBC}") = "03.RequestParser", "03.RequestParser\03.RequestParser.csproj", "{7ACDBE45-0DCA-4FCC-BCAE-341807570F66}"
EndProject
Global
	GlobalSection(SolutionConfigurationPlatforms) = preSolution
		Debug|Any CPU = Debug|Any CPU
		Release|Any CPU = Release|Any CPU
	EndGlobalSection
	GlobalSection(ProjectConfigurationPlatforms) = postSolution
		{2B42DA70-3318-4BE9-B38E-E881B963FDDE}.Debug|Any CPU.ActiveCfg = Debug|Any CPU
		{2B42DA70-3318-4BE9-B38E-E881B963FDDE}.Debug|Any CPU.Build.0 = Debug|Any CPU
		{2B42DA70-3318-4BE9-B38E-E881B963FDDE}.Release|Any CPU.ActiveCfg = Release|Any CPU
		{2B42DA70-3318-4BE9-B38E-E881B963FDDE}.Release|Any CPU.Build.0 = Release|Any CPU
		{823F9C75-564E-43EF-8380-A836ED54018A}.Debug|Any CPU.ActiveCfg = Debug|Any CPU
		{823F9C75-564E-43EF-8380-A836ED54018A}.Debug|Any CPU.Build.0 = Debug|Any CPU
		{823F9C75-564E-43EF-8380-A836ED54018A}.Release|Any CPU.ActiveCfg = Release|Any CPU
		{823F9C75-564E-43EF-8380-A836ED54018A}.Release|Any CPU.Build.0 = Release|Any CPU
		{7ACDBE45-0DCA-4FCC-BCAE-341807570F66}.Debug|Any CPU.ActiveCfg = Debug|Any CPU
		{7ACDBE45-0DCA-4FCC-BCAE-341807570F66}.Debug|Any CPU.Build.0 = Debug|Any CPU
		{7ACDBE45-0DCA-4FCC-BCAE-341807570F66}.Release|Any CPU.ActiveCfg = Release|Any CPU
		{7ACDBE45-0DCA-4FCC-BCAE-341807570F66}.Release|Any CPU.Build.0 = Release|Any CPU
	EndGlobalSection
	GlobalSection(SolutionProperties) = preSolution
		HideSolutionNode = FALSE
	EndGlobalSection
	GlobalSection(ExtensibilityGlobals) = postSolution
		SolutionGuid = {512AA30E-17F9-4727-AD4E-FD1299324E24}
	EndGlobalSection
EndGlobal
