
Microsoft Visual Studio Solution File, Format Version 12.00
# Visual Studio 15
VisualStudioVersion = 15.0.27004.2002
MinimumVisualStudioVersion = 10.0.40219.1
Project("{FAE04EC0-301F-11D3-BF4B-00C04F79EFBC}") = "FootballBetting", "FootballBetting\FootballBetting.csproj", "{32BB726E-157C-4291-9983-8F8662613263}"
EndProject
Project("{FAE04EC0-301F-11D3-BF4B-00C04F79EFBC}") = "FootballBetting.Data", "FootballBetting.Data\FootballBetting.Data.csproj", "{FA5ED53E-1098-4D14-A489-A3C81C60159D}"
EndProject
Global
	GlobalSection(SolutionConfigurationPlatforms) = preSolution
		Debug|Any CPU = Debug|Any CPU
		Release|Any CPU = Release|Any CPU
	EndGlobalSection
	GlobalSection(ProjectConfigurationPlatforms) = postSolution
		{32BB726E-157C-4291-9983-8F8662613263}.Debug|Any CPU.ActiveCfg = Debug|Any CPU
		{32BB726E-157C-4291-9983-8F8662613263}.Debug|Any CPU.Build.0 = Debug|Any CPU
		{32BB726E-157C-4291-9983-8F8662613263}.Release|Any CPU.ActiveCfg = Release|Any CPU
		{32BB726E-157C-4291-9983-8F8662613263}.Release|Any CPU.Build.0 = Release|Any CPU
		{FA5ED53E-1098-4D14-A489-A3C81C60159D}.Debug|Any CPU.ActiveCfg = Debug|Any CPU
		{FA5ED53E-1098-4D14-A489-A3C81C60159D}.Debug|Any CPU.Build.0 = Debug|Any CPU
		{FA5ED53E-1098-4D14-A489-A3C81C60159D}.Release|Any CPU.ActiveCfg = Release|Any CPU
		{FA5ED53E-1098-4D14-A489-A3C81C60159D}.Release|Any CPU.Build.0 = Release|Any CPU
	EndGlobalSection
	GlobalSection(SolutionProperties) = preSolution
		HideSolutionNode = FALSE
	EndGlobalSection
	GlobalSection(ExtensibilityGlobals) = postSolution
		SolutionGuid = {C0CE5175-4E6C-4400-A146-A9E8E7090562}
	EndGlobalSection
EndGlobal
